
Microsoft Visual Studio Solution File, Format Version 12.00
# Visual Studio Version 17
VisualStudioVersion = 17.13.35825.156 d17.13
MinimumVisualStudioVersion = 10.0.40219.1
Project("{FAE04EC0-301F-11D3-BF4B-00C04F79EFBC}") = "Vizzy.Api", "Vizzy.Api.csproj", "{0AEDA5A5-06C4-41A4-A30C-E7864F5D14E5}"
EndProject
Global
	GlobalSection(SolutionConfigurationPlatforms) = preSolution
		Debug|Any CPU = Debug|Any CPU
		Release|Any CPU = Release|Any CPU
	EndGlobalSection
	GlobalSection(ProjectConfigurationPlatforms) = postSolution
		{0AEDA5A5-06C4-41A4-A30C-E7864F5D14E5}.Debug|Any CPU.ActiveCfg = Debug|Any CPU
		{0AEDA5A5-06C4-41A4-A30C-E7864F5D14E5}.Debug|Any CPU.Build.0 = Debug|Any CPU
		{0AEDA5A5-06C4-41A4-A30C-E7864F5D14E5}.Release|Any CPU.ActiveCfg = Release|Any CPU
		{0AEDA5A5-06C4-41A4-A30C-E7864F5D14E5}.Release|Any CPU.Build.0 = Release|Any CPU
	EndGlobalSection
	GlobalSection(SolutionProperties) = preSolution
		HideSolutionNode = FALSE
	EndGlobalSection
	GlobalSection(ExtensibilityGlobals) = postSolution
		SolutionGuid = {7474FC7D-25A7-4891-8646-14C09A7A6CD9}
	EndGlobalSection
EndGlobal
